
Microsoft Visual Studio Solution File, Format Version 12.00
# Visual Studio Version 16
VisualStudioVersion = 16.0.29519.87
MinimumVisualStudioVersion = 10.0.40219.1
Project("{9A19103F-16F7-4668-BE54-9A1E7A4F7556}") = "AdventOfCode.2019.Day01", "AdventOfCode.2019.Day01\AdventOfCode.2019.Day01.csproj", "{FE5135E1-C874-4630-BE28-05B5E1C11C3A}"
EndProject
Project("{9A19103F-16F7-4668-BE54-9A1E7A4F7556}") = "AdventOfCode.2019.Day02", "AdventOfCode.2019.Day02\AdventOfCode.2019.Day02.csproj", "{9EDC7650-C3D3-4577-A007-C811650823BE}"
EndProject
Project("{2150E333-8FDC-42A3-9474-1A3956D46DE8}") = "Day01", "Day01", "{ABD63FF5-3859-439C-ACB3-62D659FBBE6D}"
EndProject
Project("{2150E333-8FDC-42A3-9474-1A3956D46DE8}") = "Day02", "Day02", "{5B03F11C-09FB-44D4-9913-55A8D9CE30EA}"
EndProject
Project("{9A19103F-16F7-4668-BE54-9A1E7A4F7556}") = "AdventOfCode.2019.Day02.UnitTests", "AdventOfCode.2019.Day02.UnitTests\AdventOfCode.2019.Day02.UnitTests.csproj", "{6329760D-7414-449C-955F-9FDEA1E501AA}"
EndProject
Project("{2150E333-8FDC-42A3-9474-1A3956D46DE8}") = "Day03", "Day03", "{C0A3F27C-9D21-4712-AF53-5452EC9DB276}"
EndProject
Project("{9A19103F-16F7-4668-BE54-9A1E7A4F7556}") = "AdventOfCode.2019.Day03", "AdventOfCode.2019.Day03\AdventOfCode.2019.Day03.csproj", "{4116BE07-9632-4593-AF86-547C6DD306F8}"
EndProject
Project("{9A19103F-16F7-4668-BE54-9A1E7A4F7556}") = "AdventOfCode.2019.Day03.UnitTests", "AdventOfCode.2019.Day03.UnitTests\AdventOfCode.2019.Day03.UnitTests.csproj", "{C54D3E4A-D5C5-432D-84DB-CBBEADEF13DC}"
EndProject
Project("{2150E333-8FDC-42A3-9474-1A3956D46DE8}") = "Day04", "Day04", "{83A9CB81-B077-4F04-BF75-2645C2F3AEB7}"
EndProject
Project("{9A19103F-16F7-4668-BE54-9A1E7A4F7556}") = "AdventOfCode.2019.Day04", "AdventOfCode.2019.Day04\AdventOfCode.2019.Day04.csproj", "{D5A3580B-A56A-4D92-8F7E-6ABD78531BB3}"
EndProject
Project("{9A19103F-16F7-4668-BE54-9A1E7A4F7556}") = "AdventOfCode.2019.Day04.UnitTests", "AdventOfCode.2019.Day04.UnitTests\AdventOfCode.2019.Day04.UnitTests.csproj", "{557A297B-A579-408F-97E0-D9E4C2B96FBE}"
EndProject
Project("{2150E333-8FDC-42A3-9474-1A3956D46DE8}") = "Day05", "Day05", "{3B8774F7-3F21-4F70-9AD6-3DCA03E5CF71}"
EndProject
Project("{9A19103F-16F7-4668-BE54-9A1E7A4F7556}") = "AdventOfCode.2019.Day05", "AdventOfCode.2019.Day05\AdventOfCode.2019.Day05.csproj", "{2DF1DEE7-9FAC-4818-BE45-10611837EC68}"
EndProject
Project("{9A19103F-16F7-4668-BE54-9A1E7A4F7556}") = "AdventOfCode.2019.Day05.UnitTests", "AdventOfCode.2019.Day05.UnitTests\AdventOfCode.2019.Day05.UnitTests.csproj", "{A1F320B7-9970-4319-900A-A808A5D846A2}"
EndProject
Project("{2150E333-8FDC-42A3-9474-1A3956D46DE8}") = "Day06", "Day06", "{BC651DD6-E9F1-4A10-AAA6-9846D88453EA}"
EndProject
Project("{9A19103F-16F7-4668-BE54-9A1E7A4F7556}") = "AdventOfCode.2019.Day06", "AdventOfCode.2019.Day06\AdventOfCode.2019.Day06.csproj", "{54BD00B7-3299-4346-A409-1D8D6C95B80C}"
EndProject
Project("{2150E333-8FDC-42A3-9474-1A3956D46DE8}") = "Day07", "Day07", "{3D26AF42-9CE8-4D15-868B-C890F454C45A}"
EndProject
Project("{9A19103F-16F7-4668-BE54-9A1E7A4F7556}") = "AdventOfCode.2019.Day07", "AdventOfCode.2019.Day07\AdventOfCode.2019.Day07.csproj", "{4409F138-2A60-474F-B6D1-8EF84A65BF18}"
EndProject
Project("{2150E333-8FDC-42A3-9474-1A3956D46DE8}") = "Day08", "Day08", "{F261CB7B-EBCD-447D-AD44-EFC368578C9E}"
EndProject
Project("{9A19103F-16F7-4668-BE54-9A1E7A4F7556}") = "AdventOfCode.2019.Day08", "AdventOfCode.2019.Day08\AdventOfCode.2019.Day08.csproj", "{B7F11E64-19A5-4A20-BDF4-AAAF5B94557B}"
EndProject
Project("{2150E333-8FDC-42A3-9474-1A3956D46DE8}") = "Day09", "Day09", "{A23B0FEB-04F0-4AF2-97EB-1F36CD474FCC}"
EndProject
Project("{9A19103F-16F7-4668-BE54-9A1E7A4F7556}") = "AdventOfCode.2019.Day09", "AdventOfCode.2019.Day09\AdventOfCode.2019.Day09.csproj", "{6B7837CD-04D1-47B8-B903-6C56CB793D96}"
EndProject
Project("{2150E333-8FDC-42A3-9474-1A3956D46DE8}") = "Day10", "Day10", "{C67C8BBE-6769-4E0D-B8EB-B056CCA22BDF}"
EndProject
Project("{9A19103F-16F7-4668-BE54-9A1E7A4F7556}") = "AdventOfCode.2019.Day10", "AdventOfCode.2019.Day10\AdventOfCode.2019.Day10.csproj", "{92D30052-F0E2-4A4A-A9AE-CA0988702A81}"
EndProject
Project("{2150E333-8FDC-42A3-9474-1A3956D46DE8}") = "Day11", "Day11", "{78A66DFB-CF0B-48D3-8BE0-2CBF27A5431D}"
EndProject
Project("{9A19103F-16F7-4668-BE54-9A1E7A4F7556}") = "AdventOfCode.2019.Day11", "AdventOfCode.2019.Day11\AdventOfCode.2019.Day11.csproj", "{8C1BAFDA-6B60-450D-BAB9-BDC64F98BD14}"
EndProject
Project("{2150E333-8FDC-42A3-9474-1A3956D46DE8}") = "Day12", "Day12", "{F2E5F469-05CE-4D74-B8B4-6C63A26E7938}"
EndProject
Project("{FAE04EC0-301F-11D3-BF4B-00C04F79EFBC}") = "AdventOfCode.2019.Day12", "AdventOfCode.2019.Day12\AdventOfCode.2019.Day12.csproj", "{29E4EE42-1396-4E50-B5E9-E04352658F28}"
EndProject
Global
	GlobalSection(SolutionConfigurationPlatforms) = preSolution
		Debug|Any CPU = Debug|Any CPU
		Release|Any CPU = Release|Any CPU
	EndGlobalSection
	GlobalSection(ProjectConfigurationPlatforms) = postSolution
		{FE5135E1-C874-4630-BE28-05B5E1C11C3A}.Debug|Any CPU.ActiveCfg = Debug|Any CPU
		{FE5135E1-C874-4630-BE28-05B5E1C11C3A}.Debug|Any CPU.Build.0 = Debug|Any CPU
		{FE5135E1-C874-4630-BE28-05B5E1C11C3A}.Release|Any CPU.ActiveCfg = Release|Any CPU
		{FE5135E1-C874-4630-BE28-05B5E1C11C3A}.Release|Any CPU.Build.0 = Release|Any CPU
		{9EDC7650-C3D3-4577-A007-C811650823BE}.Debug|Any CPU.ActiveCfg = Debug|Any CPU
		{9EDC7650-C3D3-4577-A007-C811650823BE}.Debug|Any CPU.Build.0 = Debug|Any CPU
		{9EDC7650-C3D3-4577-A007-C811650823BE}.Release|Any CPU.ActiveCfg = Release|Any CPU
		{9EDC7650-C3D3-4577-A007-C811650823BE}.Release|Any CPU.Build.0 = Release|Any CPU
		{6329760D-7414-449C-955F-9FDEA1E501AA}.Debug|Any CPU.ActiveCfg = Debug|Any CPU
		{6329760D-7414-449C-955F-9FDEA1E501AA}.Debug|Any CPU.Build.0 = Debug|Any CPU
		{6329760D-7414-449C-955F-9FDEA1E501AA}.Release|Any CPU.ActiveCfg = Release|Any CPU
		{6329760D-7414-449C-955F-9FDEA1E501AA}.Release|Any CPU.Build.0 = Release|Any CPU
		{4116BE07-9632-4593-AF86-547C6DD306F8}.Debug|Any CPU.ActiveCfg = Debug|Any CPU
		{4116BE07-9632-4593-AF86-547C6DD306F8}.Debug|Any CPU.Build.0 = Debug|Any CPU
		{4116BE07-9632-4593-AF86-547C6DD306F8}.Release|Any CPU.ActiveCfg = Release|Any CPU
		{4116BE07-9632-4593-AF86-547C6DD306F8}.Release|Any CPU.Build.0 = Release|Any CPU
		{C54D3E4A-D5C5-432D-84DB-CBBEADEF13DC}.Debug|Any CPU.ActiveCfg = Debug|Any CPU
		{C54D3E4A-D5C5-432D-84DB-CBBEADEF13DC}.Debug|Any CPU.Build.0 = Debug|Any CPU
		{C54D3E4A-D5C5-432D-84DB-CBBEADEF13DC}.Release|Any CPU.ActiveCfg = Release|Any CPU
		{C54D3E4A-D5C5-432D-84DB-CBBEADEF13DC}.Release|Any CPU.Build.0 = Release|Any CPU
		{D5A3580B-A56A-4D92-8F7E-6ABD78531BB3}.Debug|Any CPU.ActiveCfg = Debug|Any CPU
		{D5A3580B-A56A-4D92-8F7E-6ABD78531BB3}.Debug|Any CPU.Build.0 = Debug|Any CPU
		{D5A3580B-A56A-4D92-8F7E-6ABD78531BB3}.Release|Any CPU.ActiveCfg = Release|Any CPU
		{D5A3580B-A56A-4D92-8F7E-6ABD78531BB3}.Release|Any CPU.Build.0 = Release|Any CPU
		{557A297B-A579-408F-97E0-D9E4C2B96FBE}.Debug|Any CPU.ActiveCfg = Debug|Any CPU
		{557A297B-A579-408F-97E0-D9E4C2B96FBE}.Debug|Any CPU.Build.0 = Debug|Any CPU
		{557A297B-A579-408F-97E0-D9E4C2B96FBE}.Release|Any CPU.ActiveCfg = Release|Any CPU
		{557A297B-A579-408F-97E0-D9E4C2B96FBE}.Release|Any CPU.Build.0 = Release|Any CPU
		{2DF1DEE7-9FAC-4818-BE45-10611837EC68}.Debug|Any CPU.ActiveCfg = Debug|Any CPU
		{2DF1DEE7-9FAC-4818-BE45-10611837EC68}.Debug|Any CPU.Build.0 = Debug|Any CPU
		{2DF1DEE7-9FAC-4818-BE45-10611837EC68}.Release|Any CPU.ActiveCfg = Release|Any CPU
		{2DF1DEE7-9FAC-4818-BE45-10611837EC68}.Release|Any CPU.Build.0 = Release|Any CPU
		{A1F320B7-9970-4319-900A-A808A5D846A2}.Debug|Any CPU.ActiveCfg = Debug|Any CPU
		{A1F320B7-9970-4319-900A-A808A5D846A2}.Debug|Any CPU.Build.0 = Debug|Any CPU
		{A1F320B7-9970-4319-900A-A808A5D846A2}.Release|Any CPU.ActiveCfg = Release|Any CPU
		{A1F320B7-9970-4319-900A-A808A5D846A2}.Release|Any CPU.Build.0 = Release|Any CPU
		{54BD00B7-3299-4346-A409-1D8D6C95B80C}.Debug|Any CPU.ActiveCfg = Debug|Any CPU
		{54BD00B7-3299-4346-A409-1D8D6C95B80C}.Debug|Any CPU.Build.0 = Debug|Any CPU
		{54BD00B7-3299-4346-A409-1D8D6C95B80C}.Release|Any CPU.ActiveCfg = Release|Any CPU
		{54BD00B7-3299-4346-A409-1D8D6C95B80C}.Release|Any CPU.Build.0 = Release|Any CPU
		{4409F138-2A60-474F-B6D1-8EF84A65BF18}.Debug|Any CPU.ActiveCfg = Debug|Any CPU
		{4409F138-2A60-474F-B6D1-8EF84A65BF18}.Debug|Any CPU.Build.0 = Debug|Any CPU
		{4409F138-2A60-474F-B6D1-8EF84A65BF18}.Release|Any CPU.ActiveCfg = Release|Any CPU
		{4409F138-2A60-474F-B6D1-8EF84A65BF18}.Release|Any CPU.Build.0 = Release|Any CPU
		{B7F11E64-19A5-4A20-BDF4-AAAF5B94557B}.Debug|Any CPU.ActiveCfg = Debug|Any CPU
		{B7F11E64-19A5-4A20-BDF4-AAAF5B94557B}.Debug|Any CPU.Build.0 = Debug|Any CPU
		{B7F11E64-19A5-4A20-BDF4-AAAF5B94557B}.Release|Any CPU.ActiveCfg = Release|Any CPU
		{B7F11E64-19A5-4A20-BDF4-AAAF5B94557B}.Release|Any CPU.Build.0 = Release|Any CPU
		{6B7837CD-04D1-47B8-B903-6C56CB793D96}.Debug|Any CPU.ActiveCfg = Debug|Any CPU
		{6B7837CD-04D1-47B8-B903-6C56CB793D96}.Debug|Any CPU.Build.0 = Debug|Any CPU
		{6B7837CD-04D1-47B8-B903-6C56CB793D96}.Release|Any CPU.ActiveCfg = Release|Any CPU
		{6B7837CD-04D1-47B8-B903-6C56CB793D96}.Release|Any CPU.Build.0 = Release|Any CPU
		{92D30052-F0E2-4A4A-A9AE-CA0988702A81}.Debug|Any CPU.ActiveCfg = Debug|Any CPU
		{92D30052-F0E2-4A4A-A9AE-CA0988702A81}.Debug|Any CPU.Build.0 = Debug|Any CPU
		{92D30052-F0E2-4A4A-A9AE-CA0988702A81}.Release|Any CPU.ActiveCfg = Release|Any CPU
		{92D30052-F0E2-4A4A-A9AE-CA0988702A81}.Release|Any CPU.Build.0 = Release|Any CPU
		{8C1BAFDA-6B60-450D-BAB9-BDC64F98BD14}.Debug|Any CPU.ActiveCfg = Debug|Any CPU
		{8C1BAFDA-6B60-450D-BAB9-BDC64F98BD14}.Debug|Any CPU.Build.0 = Debug|Any CPU
		{8C1BAFDA-6B60-450D-BAB9-BDC64F98BD14}.Release|Any CPU.ActiveCfg = Release|Any CPU
		{8C1BAFDA-6B60-450D-BAB9-BDC64F98BD14}.Release|Any CPU.Build.0 = Release|Any CPU
		{29E4EE42-1396-4E50-B5E9-E04352658F28}.Debug|Any CPU.ActiveCfg = Debug|Any CPU
		{29E4EE42-1396-4E50-B5E9-E04352658F28}.Debug|Any CPU.Build.0 = Debug|Any CPU
		{29E4EE42-1396-4E50-B5E9-E04352658F28}.Release|Any CPU.ActiveCfg = Release|Any CPU
		{29E4EE42-1396-4E50-B5E9-E04352658F28}.Release|Any CPU.Build.0 = Release|Any CPU
	EndGlobalSection
	GlobalSection(SolutionProperties) = preSolution
		HideSolutionNode = FALSE
	EndGlobalSection
	GlobalSection(NestedProjects) = preSolution
		{FE5135E1-C874-4630-BE28-05B5E1C11C3A} = {ABD63FF5-3859-439C-ACB3-62D659FBBE6D}
		{9EDC7650-C3D3-4577-A007-C811650823BE} = {5B03F11C-09FB-44D4-9913-55A8D9CE30EA}
		{6329760D-7414-449C-955F-9FDEA1E501AA} = {5B03F11C-09FB-44D4-9913-55A8D9CE30EA}
		{4116BE07-9632-4593-AF86-547C6DD306F8} = {C0A3F27C-9D21-4712-AF53-5452EC9DB276}
		{C54D3E4A-D5C5-432D-84DB-CBBEADEF13DC} = {C0A3F27C-9D21-4712-AF53-5452EC9DB276}
		{D5A3580B-A56A-4D92-8F7E-6ABD78531BB3} = {83A9CB81-B077-4F04-BF75-2645C2F3AEB7}
		{557A297B-A579-408F-97E0-D9E4C2B96FBE} = {83A9CB81-B077-4F04-BF75-2645C2F3AEB7}
		{2DF1DEE7-9FAC-4818-BE45-10611837EC68} = {3B8774F7-3F21-4F70-9AD6-3DCA03E5CF71}
		{A1F320B7-9970-4319-900A-A808A5D846A2} = {3B8774F7-3F21-4F70-9AD6-3DCA03E5CF71}
		{54BD00B7-3299-4346-A409-1D8D6C95B80C} = {BC651DD6-E9F1-4A10-AAA6-9846D88453EA}
		{4409F138-2A60-474F-B6D1-8EF84A65BF18} = {3D26AF42-9CE8-4D15-868B-C890F454C45A}
		{B7F11E64-19A5-4A20-BDF4-AAAF5B94557B} = {F261CB7B-EBCD-447D-AD44-EFC368578C9E}
		{6B7837CD-04D1-47B8-B903-6C56CB793D96} = {A23B0FEB-04F0-4AF2-97EB-1F36CD474FCC}
		{92D30052-F0E2-4A4A-A9AE-CA0988702A81} = {C67C8BBE-6769-4E0D-B8EB-B056CCA22BDF}
		{8C1BAFDA-6B60-450D-BAB9-BDC64F98BD14} = {78A66DFB-CF0B-48D3-8BE0-2CBF27A5431D}
		{29E4EE42-1396-4E50-B5E9-E04352658F28} = {F2E5F469-05CE-4D74-B8B4-6C63A26E7938}
	EndGlobalSection
	GlobalSection(ExtensibilityGlobals) = postSolution
		SolutionGuid = {CC32DF98-AD3D-48DA-81F2-4E793D5FF1E8}
	EndGlobalSection
EndGlobal
