
Microsoft Visual Studio Solution File, Format Version 12.00
# Visual Studio Version 16
VisualStudioVersion = 16.0.29519.87
MinimumVisualStudioVersion = 10.0.40219.1
Project("{FAE04EC0-301F-11D3-BF4B-00C04F79EFBC}") = "AdventOfCode.2019.Day01", "AdventOfCode.2019.Day01\AdventOfCode.2019.Day01.csproj", "{FE5135E1-C874-4630-BE28-05B5E1C11C3A}"
EndProject
Global
	GlobalSection(SolutionConfigurationPlatforms) = preSolution
		Debug|Any CPU = Debug|Any CPU
		Release|Any CPU = Release|Any CPU
	EndGlobalSection
	GlobalSection(ProjectConfigurationPlatforms) = postSolution
		{FE5135E1-C874-4630-BE28-05B5E1C11C3A}.Debug|Any CPU.ActiveCfg = Debug|Any CPU
		{FE5135E1-C874-4630-BE28-05B5E1C11C3A}.Debug|Any CPU.Build.0 = Debug|Any CPU
		{FE5135E1-C874-4630-BE28-05B5E1C11C3A}.Release|Any CPU.ActiveCfg = Release|Any CPU
		{FE5135E1-C874-4630-BE28-05B5E1C11C3A}.Release|Any CPU.Build.0 = Release|Any CPU
	EndGlobalSection
	GlobalSection(SolutionProperties) = preSolution
		HideSolutionNode = FALSE
	EndGlobalSection
	GlobalSection(ExtensibilityGlobals) = postSolution
		SolutionGuid = {CC32DF98-AD3D-48DA-81F2-4E793D5FF1E8}
	EndGlobalSection
EndGlobal
